#MicroXplorer Configuration settings - do not modify
Mcu.Family=STM32L0
ProjectManager.MainLocation=Src
RCC.USART1Freq_Value=32000000
PH0-OSC_IN.Signal=RCC_OSC_IN
SPI2.VirtualNSS=VM_NSSHARD
ProjectManager.KeepUserCode=true
Mcu.UserName=STM32L073RZTx
SPI2.VirtualType=VM_MASTER
PC10.Locked=true
RCC.PLLCLKFreq_Value=32000000
PC10.Signal=USART4_TX
ProjectManager.functionlistsort=1-MX_GPIO_Init-GPIO-false-HAL-true,2-SystemClock_Config-RCC-false-HAL-false,3-MX_I2C1_Init-I2C1-false-HAL-true,4-MX_RTC_Init-RTC-false-HAL-true,5-MX_SPI2_Init-SPI2-false-HAL-true,6-MX_USART1_UART_Init-USART1-false-HAL-true,7-MX_USART4_UART_Init-USART4-false-HAL-true
PC6.GPIO_Label=GPS_vshifter
VP_RTC_VS_RTC_Activate.Mode=RTC_Enabled
RCC.RTCFreq_Value=32768
RCC.USART2Freq_Value=32000000
NVIC.SVC_IRQn=true\:0\:0\:false\:false\:true\:false\:false
USART1.IPParameters=VirtualMode-Asynchronous
PC13.GPIO_Label=SX_dio1
PB11.Signal=GPIO_Input
PB13.Signal=SPI2_SCK
PB15.Signal=SPI2_MOSI
RCC.48CLKFreq_Value=48000000
PinOutPanel.RotationAngle=0
RCC.SYSCLKSource=RCC_SYSCLKSOURCE_PLLCLK
ProjectManager.StackSize=0x400
PB5.GPIOParameters=GPIO_Label
RCC.I2C3Freq_Value=32000000
Mcu.IP4=RTC
RCC.FCLKCortexFreq_Value=32000000
Mcu.IP5=SPI2
I2C1.IPParameters=Timing
Mcu.IP2=NVIC
Mcu.IP3=RCC
PA15.GPIO_Label=SX_dio5
PB4.GPIOParameters=GPIO_Label
Mcu.IP0=ADC
Mcu.IP1=I2C1
RCC.PLLDIV=RCC_PLLDIV_3
Mcu.UserConstants=
Mcu.ThirdPartyNb=0
RCC.HCLKFreq_Value=32000000
Mcu.IPNb=9
ProjectManager.PreviousToolchain=SW4STM32
RCC.APB2TimFreq_Value=32000000
PB6.Signal=I2C1_SCL
PB6.Mode=I2C
Mcu.Pin6=PA1
Mcu.Pin7=PB2
Mcu.Pin8=PB11
Mcu.Pin9=PB12
RCC.AHBFreq_Value=32000000
PH0-OSC_IN.Mode=HSE-External-Oscillator
PB13.Locked=true
Mcu.Pin0=PC13
Mcu.Pin1=PC14-OSC32_IN
GPIO.groupedBy=Group By Peripherals
Mcu.Pin2=PC15-OSC32_OUT
Mcu.Pin3=PH0-OSC_IN
Mcu.Pin4=PH1-OSC_OUT
Mcu.Pin5=PA0
ProjectManager.ProjectBuild=false
RCC.HSE_VALUE=24000000
PB2.Signal=GPIO_Output
NVIC.SysTick_IRQn=true\:0\:0\:false\:false\:true\:false\:true
RCC.RTCClockSelection=RCC_RTCCLKSOURCE_LSE
RCC.PLLMUL=RCC_PLLMUL_4
ProjectManager.FirmwarePackage=STM32Cube FW_L0 V1.11.2
USART4.IPParameters=VirtualMode-Asynchronous
MxDb.Version=DB.5.0.60
PA1.GPIOParameters=GPIO_Label
ProjectManager.BackupPrevious=false
PC14-OSC32_IN.Mode=LSE-External-Oscillator
RCC.VCOInputFreq_Value=24000000
RCC.RTCClockSelectionVirtual=RCC_RTCCLKSOURCE_LSE
PA14.Mode=Serial_Wire
PB14.Mode=Full_Duplex_Master
PC11.GPIO_Label=GPS_RX
File.Version=6
PA0.Mode=IN0
SPI2.CalculateBaudRate=16.0 MBits/s
PB3.GPIOParameters=GPIO_Label
PB7.Signal=I2C1_SDA
PB6.Locked=true
NVIC.PendSV_IRQn=true\:0\:0\:false\:false\:true\:false\:false
ProjectManager.HalAssertFull=false
ProjectManager.ProjectName=stm32l073rztx_cmake
PA0.Signal=ADC_IN0
PH1-OSC_OUT.Mode=HSE-External-Oscillator
Mcu.Package=LQFP64
PB9.Signal=GPIO_Input
PB12.Mode=NSS_Signal_Hard_Output
SPI2.Mode=SPI_MODE_MASTER
ProjectManager.ToolChainLocation=
RCC.LSI_VALUE=37000
VP_SYS_VS_Systick.Signal=SYS_VS_Systick
PA10.Signal=USART1_RX
PA15.Signal=GPIO_Input
PC11.Mode=Asynchronous
PB5.GPIO_Label=GPS_1PPS
RCC.APB1TimFreq_Value=32000000
SPI2.Direction=SPI_DIRECTION_2LINES
PB13.Mode=Full_Duplex_Master
ProjectManager.CustomerFirmwarePackage=
RCC.HSI48_VALUE=48000000
RCC.LPTIMFreq_Value=32000000
PB15.Locked=true
PB3.Locked=true
PB4.Signal=GPIO_Input
RCC.TIMFreq_Value=32000000
PB3.GPIO_Label=SX_dio4
VP_RTC_VS_RTC_Activate.Signal=RTC_VS_RTC_Activate
RCC.MSI_VALUE=2097000
RCC.PLLSourceVirtual=RCC_PLLSOURCE_HSE
PC15-OSC32_OUT.Mode=LSE-External-Oscillator
ProjectManager.ProjectFileName=stm32l073rztx_cmake.ioc
PB9.GPIO_Label=SX_dio2
RCC.48USBFreq_Value=48000000
PA10.Mode=Asynchronous
PA15.GPIOParameters=GPIO_Label
PC10.GPIO_Label=GPS_TX
Mcu.PinsNb=29
ProjectManager.NoMain=false
PC11.Locked=true
PC13.Locked=true
RCC.LPUARTFreq_Value=32000000
PC13.Signal=GPIO_Input
PC11.Signal=USART4_RX
PC6.Signal=GPIO_Output
PC10.Mode=Asynchronous
PB11.GPIO_Label=SX_dio0
ProjectManager.DefaultFWLocation=true
PB12.Locked=true
ProjectManager.DeletePrevious=true
PB14.Locked=true
PC14-OSC32_IN.Signal=RCC_OSC32_IN
PC11.GPIOParameters=GPIO_Label
RCC.TimerFreq_Value=32000000
RCC.FamilyName=M
PB9.GPIOParameters=GPIO_Label
RCC.WatchDogFreq_Value=37000
USART1.VirtualMode-Asynchronous=VM_ASYNC
PA13.Signal=SYS_SWDIO
RCC.HSI16_VALUE=16000000
PA15.Locked=true
PA9.Mode=Asynchronous
ProjectManager.TargetToolchain=SW4STM32
PC6.Locked=true
PB2.GPIOParameters=GPIO_Label
PA9.Signal=USART1_TX
I2C1.Timing=0x00707CBB
PB11.GPIOParameters=GPIO_Label
PB5.Locked=true
PB9.Locked=true
SPI2.IPParameters=VirtualType,Mode,Direction,CalculateBaudRate,VirtualNSS
PC15-OSC32_OUT.Signal=RCC_OSC32_OUT
PA1.Signal=GPIO_Output
PB14.Signal=SPI2_MISO
RCC.MCOPinFreq_Value=32000000
USART4.VirtualMode-Asynchronous=VM_ASYNC
board=custom
RCC.VCOOutputFreq_Value=96000000
ProjectManager.LastFirmware=true
PB15.Mode=Full_Duplex_Master
RCC.APB2Freq_Value=32000000
MxCube.Version=5.6.1
PB4.GPIO_Label=SX_dio3
RCC.I2C1Freq_Value=32000000
PC13.GPIOParameters=GPIO_Label
RCC.LCDFreq_Value=32768
PA1.GPIO_Label=LORA_radiosw
VP_SYS_VS_Systick.Mode=SysTick
PH1-OSC_OUT.Signal=RCC_OSC_OUT
PA9.Locked=true
NVIC.NonMaskableInt_IRQn=true\:0\:0\:false\:false\:true\:false\:false
PC10.GPIOParameters=GPIO_Label
PA13.Mode=Serial_Wire
ProjectManager.FreePins=false
RCC.IPParameters=48CLKFreq_Value,48RNGFreq_Value,48USBFreq_Value,AHBFreq_Value,APB1Freq_Value,APB1TimFreq_Value,APB2Freq_Value,APB2TimFreq_Value,FCLKCortexFreq_Value,FamilyName,HCLKFreq_Value,HSE_VALUE,HSI16_VALUE,HSI48_VALUE,HSI_VALUE,I2C1Freq_Value,I2C3Freq_Value,LCDFreq_Value,LPTIMFreq_Value,LPUARTFreq_Value,LSI_VALUE,MCOPinFreq_Value,MSI_VALUE,PLLCLKFreq_Value,PLLDIV,PLLMUL,PLLSourceVirtual,PWRFreq_Value,RTCClockSelection,RTCClockSelectionVirtual,RTCFreq_Value,RTCHSEDivFreq_Value,SYSCLKFreq_VALUE,SYSCLKSource,TIMFreq_Value,TimerFreq_Value,USART1Freq_Value,USART2Freq_Value,VCOInputFreq_Value,VCOOutputFreq_Value,WatchDogFreq_Value
ProjectManager.AskForMigrate=true
Mcu.Name=STM32L073R(B-Z)Tx
Mcu.Pin26=PB9
Mcu.Pin27=VP_RTC_VS_RTC_Activate
RCC.RTCHSEDivFreq_Value=12000000
Mcu.Pin24=PB6
ProjectManager.UnderRoot=true
Mcu.Pin25=PB7
PB2.Locked=true
Mcu.IP8=USART4
Mcu.Pin28=VP_SYS_VS_Systick
Mcu.IP6=SYS
Mcu.IP7=USART1
ProjectManager.CoupleFile=false
PB4.Locked=true
PB3.Signal=GPIO_Input
RCC.SYSCLKFreq_VALUE=32000000
PB5.Signal=GPIO_Input
Mcu.Pin22=PB4
Mcu.Pin23=PB5
PA1.Locked=true
Mcu.Pin20=PC11
Mcu.Pin21=PB3
PA10.Locked=true
NVIC.ForceEnableDMAVector=true
KeepUserPlacement=false
ProjectManager.CompilerOptimize=6
PB7.Mode=I2C
PA14.Signal=SYS_SWCLK
PB2.GPIO_Label=GPS_rst
ProjectManager.HeapSize=0x200
Mcu.Pin15=PA10
NVIC.HardFault_IRQn=true\:0\:0\:false\:false\:true\:false\:false
Mcu.Pin16=PA13
Mcu.Pin13=PC6
Mcu.Pin14=PA9
PC6.GPIOParameters=GPIO_Label
Mcu.Pin19=PC10
ProjectManager.ComputerToolchain=false
Mcu.Pin17=PA14
RCC.HSI_VALUE=16000000
Mcu.Pin18=PA15
Mcu.Pin11=PB14
Mcu.Pin12=PB15
Mcu.Pin10=PB13
PB7.Locked=true
RCC.PWRFreq_Value=32000000
RCC.48RNGFreq_Value=48000000
RCC.APB1Freq_Value=32000000
PB11.Locked=true
ProjectManager.DeviceId=STM32L073RZTx
PB12.Signal=SPI2_NSS
ProjectManager.LibraryCopy=1
