<?xml version="1.0" encoding="UTF-8"?>
<CodeBlocks_project_file>
	<FileVersion major="1" minor="6"/>
	<Project>
		<Option title="stm32l073rztx_cmake"/>
		<Option makefile_is_custom="1"/>
		<Option compiler="gcc"/>
		<Option virtualFolders="CMake Files\;"/>
		<Build>
			<Target title="all">
				<Option working_dir="/Users/khoahuynh/Documents/Document/Lilygo_T-motion/stm32l073rztx_cmake"/>
				<Option type="4"/>
				<MakeCommands>
					<Build command="/usr/bin/make -j12 -f &quot;/Users/khoahuynh/Documents/Document/Lilygo_T-motion/stm32l073rztx_cmake/Makefile&quot;  VERBOSE=1 all"/>
					<CompileFile command="/usr/bin/make -j12 -f &quot;/Users/khoahuynh/Documents/Document/Lilygo_T-motion/stm32l073rztx_cmake/Makefile&quot;  VERBOSE=1 &quot;$file&quot;"/>
					<Clean command="/usr/bin/make -j12 -f &quot;/Users/khoahuynh/Documents/Document/Lilygo_T-motion/stm32l073rztx_cmake/Makefile&quot;  VERBOSE=1 clean"/>
					<DistClean command="/usr/bin/make -j12 -f &quot;/Users/khoahuynh/Documents/Document/Lilygo_T-motion/stm32l073rztx_cmake/Makefile&quot;  VERBOSE=1 clean"/>
				</MakeCommands>
			</Target>
			<Target title="rebuild_cache">
				<Option working_dir="/Users/khoahuynh/Documents/Document/Lilygo_T-motion/stm32l073rztx_cmake"/>
				<Option type="4"/>
				<MakeCommands>
					<Build command="/usr/bin/make -j12 -f &quot;/Users/khoahuynh/Documents/Document/Lilygo_T-motion/stm32l073rztx_cmake/Makefile&quot;  VERBOSE=1 rebuild_cache"/>
					<CompileFile command="/usr/bin/make -j12 -f &quot;/Users/khoahuynh/Documents/Document/Lilygo_T-motion/stm32l073rztx_cmake/Makefile&quot;  VERBOSE=1 &quot;$file&quot;"/>
					<Clean command="/usr/bin/make -j12 -f &quot;/Users/khoahuynh/Documents/Document/Lilygo_T-motion/stm32l073rztx_cmake/Makefile&quot;  VERBOSE=1 clean"/>
					<DistClean command="/usr/bin/make -j12 -f &quot;/Users/khoahuynh/Documents/Document/Lilygo_T-motion/stm32l073rztx_cmake/Makefile&quot;  VERBOSE=1 clean"/>
				</MakeCommands>
			</Target>
			<Target title="edit_cache">
				<Option working_dir="/Users/khoahuynh/Documents/Document/Lilygo_T-motion/stm32l073rztx_cmake"/>
				<Option type="4"/>
				<MakeCommands>
					<Build command="/usr/bin/make -j12 -f &quot;/Users/khoahuynh/Documents/Document/Lilygo_T-motion/stm32l073rztx_cmake/Makefile&quot;  VERBOSE=1 edit_cache"/>
					<CompileFile command="/usr/bin/make -j12 -f &quot;/Users/khoahuynh/Documents/Document/Lilygo_T-motion/stm32l073rztx_cmake/Makefile&quot;  VERBOSE=1 &quot;$file&quot;"/>
					<Clean command="/usr/bin/make -j12 -f &quot;/Users/khoahuynh/Documents/Document/Lilygo_T-motion/stm32l073rztx_cmake/Makefile&quot;  VERBOSE=1 clean"/>
					<DistClean command="/usr/bin/make -j12 -f &quot;/Users/khoahuynh/Documents/Document/Lilygo_T-motion/stm32l073rztx_cmake/Makefile&quot;  VERBOSE=1 clean"/>
				</MakeCommands>
			</Target>
			<Target title="stm32l073rztx_cmake.elf">
				<Option output="/Users/khoahuynh/Documents/Document/Lilygo_T-motion/stm32l073rztx_cmake/build/stm32l073rztx_cmake.elf" prefix_auto="0" extension_auto="0"/>
				<Option working_dir="build"/>
				<Option object_output="./"/>
				<Option type="1"/>
				<Option compiler="gcc"/>
				<Compiler>
					<Add option="-DUSE_HAL_DRIVER"/>
					<Add option="-DSTM32L073xx"/>
					<Add option="-DACTIVE_REGION=LORAMAC_REGION_US915"/>
					<Add option="-DREGION_US915"/>
					<Add option="-DLORA_USE_TCXO"/>
					<Add directory="/Users/khoahuynh/Documents/Document/Lilygo_T-motion/stm32l073rztx_cmake/Inc"/>
					<Add directory="/Users/khoahuynh/Documents/Document/Lilygo_T-motion/stm32l073rztx_cmake/Drivers/STM32L0xx_HAL_Driver/Inc"/>
					<Add directory="/Users/khoahuynh/Documents/Document/Lilygo_T-motion/stm32l073rztx_cmake/Drivers/STM32L0xx_HAL_Driver/Inc/Legacy"/>
					<Add directory="/Users/khoahuynh/Documents/Document/Lilygo_T-motion/stm32l073rztx_cmake/Drivers/CMSIS/Device/ST/STM32L0xx/Include"/>
					<Add directory="/Users/khoahuynh/Documents/Document/Lilygo_T-motion/stm32l073rztx_cmake/Drivers/CMSIS/Include"/>
					<Add directory="/Users/khoahuynh/Documents/Document/Lilygo_T-motion/stm32l073rztx_cmake/Middlewares/LoRaMac-node/apps/LoRaMac/common/LmHandler/packages"/>
					<Add directory="/Users/khoahuynh/Documents/Document/Lilygo_T-motion/stm32l073rztx_cmake/Middlewares/LoRaMac-node/apps/LoRaMac/common/LmHandler"/>
					<Add directory="/Users/khoahuynh/Documents/Document/Lilygo_T-motion/stm32l073rztx_cmake/Middlewares/LoRaMac-node/apps/LoRaMac/common"/>
					<Add directory="/Users/khoahuynh/Documents/Document/Lilygo_T-motion/stm32l073rztx_cmake/Middlewares/LoRaMac-node/boards"/>
					<Add directory="/Users/khoahuynh/Documents/Document/Lilygo_T-motion/stm32l073rztx_cmake/Middlewares/LoRaMac-node/boards/S76G-lilygo-tmotion"/>
					<Add directory="/Users/khoahuynh/Documents/Document/Lilygo_T-motion/stm32l073rztx_cmake/Middlewares/LoRaMac-node/mac/region"/>
					<Add directory="/Users/khoahuynh/Documents/Document/Lilygo_T-motion/stm32l073rztx_cmake/Middlewares/LoRaMac-node/mac"/>
					<Add directory="/Users/khoahuynh/Documents/Document/Lilygo_T-motion/stm32l073rztx_cmake/Middlewares/LoRaMac-node/peripherals"/>
					<Add directory="/Users/khoahuynh/Documents/Document/Lilygo_T-motion/stm32l073rztx_cmake/Middlewares/LoRaMac-node/peripherals/soft-se"/>
					<Add directory="/Users/khoahuynh/Documents/Document/Lilygo_T-motion/stm32l073rztx_cmake/Middlewares/LoRaMac-node/radio/sx1276"/>
					<Add directory="/Users/khoahuynh/Documents/Document/Lilygo_T-motion/stm32l073rztx_cmake/Middlewares/LoRaMac-node/radio"/>
					<Add directory="/Users/khoahuynh/Documents/Document/Lilygo_T-motion/stm32l073rztx_cmake/Middlewares/LoRaMac-node/system"/>
					<Add directory="/Users/khoahuynh/Documents/Document/Lilygo_T-motion/stm32l073rztx_cmake/Middlewares/LoRaMac-node/system/crypto"/>
					<Add directory="/usr/local/Caskroom/gcc-arm-embedded/9-2019-q4-major/gcc-arm-none-eabi-9-2019-q4-major/bin/../lib/gcc/arm-none-eabi/9.2.1/../../../../arm-none-eabi/include/c++/9.2.1"/>
					<Add directory="/usr/local/Caskroom/gcc-arm-embedded/9-2019-q4-major/gcc-arm-none-eabi-9-2019-q4-major/bin/../lib/gcc/arm-none-eabi/9.2.1/../../../../arm-none-eabi/include/c++/9.2.1/arm-none-eabi"/>
					<Add directory="/usr/local/Caskroom/gcc-arm-embedded/9-2019-q4-major/gcc-arm-none-eabi-9-2019-q4-major/bin/../lib/gcc/arm-none-eabi/9.2.1/../../../../arm-none-eabi/include/c++/9.2.1/backward"/>
					<Add directory="/usr/local/Caskroom/gcc-arm-embedded/9-2019-q4-major/gcc-arm-none-eabi-9-2019-q4-major/bin/../lib/gcc/arm-none-eabi/9.2.1/include"/>
					<Add directory="/usr/local/Caskroom/gcc-arm-embedded/9-2019-q4-major/gcc-arm-none-eabi-9-2019-q4-major/bin/../lib/gcc/arm-none-eabi/9.2.1/include-fixed"/>
					<Add directory="/usr/local/Caskroom/gcc-arm-embedded/9-2019-q4-major/gcc-arm-none-eabi-9-2019-q4-major/bin/../lib/gcc/arm-none-eabi/9.2.1/../../../../arm-none-eabi/include"/>
				</Compiler>
				<MakeCommands>
					<Build command="/usr/bin/make -j12 -f &quot;/Users/khoahuynh/Documents/Document/Lilygo_T-motion/stm32l073rztx_cmake/Makefile&quot;  VERBOSE=1 stm32l073rztx_cmake.elf"/>
					<CompileFile command="/usr/bin/make -j12 -f &quot;/Users/khoahuynh/Documents/Document/Lilygo_T-motion/stm32l073rztx_cmake/Makefile&quot;  VERBOSE=1 &quot;$file&quot;"/>
					<Clean command="/usr/bin/make -j12 -f &quot;/Users/khoahuynh/Documents/Document/Lilygo_T-motion/stm32l073rztx_cmake/Makefile&quot;  VERBOSE=1 clean"/>
					<DistClean command="/usr/bin/make -j12 -f &quot;/Users/khoahuynh/Documents/Document/Lilygo_T-motion/stm32l073rztx_cmake/Makefile&quot;  VERBOSE=1 clean"/>
				</MakeCommands>
			</Target>
			<Target title="stm32l073rztx_cmake.elf/fast">
				<Option output="/Users/khoahuynh/Documents/Document/Lilygo_T-motion/stm32l073rztx_cmake/build/stm32l073rztx_cmake.elf" prefix_auto="0" extension_auto="0"/>
				<Option working_dir="build"/>
				<Option object_output="./"/>
				<Option type="1"/>
				<Option compiler="gcc"/>
				<Compiler>
					<Add option="-DUSE_HAL_DRIVER"/>
					<Add option="-DSTM32L073xx"/>
					<Add option="-DACTIVE_REGION=LORAMAC_REGION_US915"/>
					<Add option="-DREGION_US915"/>
					<Add option="-DLORA_USE_TCXO"/>
					<Add directory="/Users/khoahuynh/Documents/Document/Lilygo_T-motion/stm32l073rztx_cmake/Inc"/>
					<Add directory="/Users/khoahuynh/Documents/Document/Lilygo_T-motion/stm32l073rztx_cmake/Drivers/STM32L0xx_HAL_Driver/Inc"/>
					<Add directory="/Users/khoahuynh/Documents/Document/Lilygo_T-motion/stm32l073rztx_cmake/Drivers/STM32L0xx_HAL_Driver/Inc/Legacy"/>
					<Add directory="/Users/khoahuynh/Documents/Document/Lilygo_T-motion/stm32l073rztx_cmake/Drivers/CMSIS/Device/ST/STM32L0xx/Include"/>
					<Add directory="/Users/khoahuynh/Documents/Document/Lilygo_T-motion/stm32l073rztx_cmake/Drivers/CMSIS/Include"/>
					<Add directory="/Users/khoahuynh/Documents/Document/Lilygo_T-motion/stm32l073rztx_cmake/Middlewares/LoRaMac-node/apps/LoRaMac/common/LmHandler/packages"/>
					<Add directory="/Users/khoahuynh/Documents/Document/Lilygo_T-motion/stm32l073rztx_cmake/Middlewares/LoRaMac-node/apps/LoRaMac/common/LmHandler"/>
					<Add directory="/Users/khoahuynh/Documents/Document/Lilygo_T-motion/stm32l073rztx_cmake/Middlewares/LoRaMac-node/apps/LoRaMac/common"/>
					<Add directory="/Users/khoahuynh/Documents/Document/Lilygo_T-motion/stm32l073rztx_cmake/Middlewares/LoRaMac-node/boards"/>
					<Add directory="/Users/khoahuynh/Documents/Document/Lilygo_T-motion/stm32l073rztx_cmake/Middlewares/LoRaMac-node/boards/S76G-lilygo-tmotion"/>
					<Add directory="/Users/khoahuynh/Documents/Document/Lilygo_T-motion/stm32l073rztx_cmake/Middlewares/LoRaMac-node/mac/region"/>
					<Add directory="/Users/khoahuynh/Documents/Document/Lilygo_T-motion/stm32l073rztx_cmake/Middlewares/LoRaMac-node/mac"/>
					<Add directory="/Users/khoahuynh/Documents/Document/Lilygo_T-motion/stm32l073rztx_cmake/Middlewares/LoRaMac-node/peripherals"/>
					<Add directory="/Users/khoahuynh/Documents/Document/Lilygo_T-motion/stm32l073rztx_cmake/Middlewares/LoRaMac-node/peripherals/soft-se"/>
					<Add directory="/Users/khoahuynh/Documents/Document/Lilygo_T-motion/stm32l073rztx_cmake/Middlewares/LoRaMac-node/radio/sx1276"/>
					<Add directory="/Users/khoahuynh/Documents/Document/Lilygo_T-motion/stm32l073rztx_cmake/Middlewares/LoRaMac-node/radio"/>
					<Add directory="/Users/khoahuynh/Documents/Document/Lilygo_T-motion/stm32l073rztx_cmake/Middlewares/LoRaMac-node/system"/>
					<Add directory="/Users/khoahuynh/Documents/Document/Lilygo_T-motion/stm32l073rztx_cmake/Middlewares/LoRaMac-node/system/crypto"/>
					<Add directory="/usr/local/Caskroom/gcc-arm-embedded/9-2019-q4-major/gcc-arm-none-eabi-9-2019-q4-major/bin/../lib/gcc/arm-none-eabi/9.2.1/../../../../arm-none-eabi/include/c++/9.2.1"/>
					<Add directory="/usr/local/Caskroom/gcc-arm-embedded/9-2019-q4-major/gcc-arm-none-eabi-9-2019-q4-major/bin/../lib/gcc/arm-none-eabi/9.2.1/../../../../arm-none-eabi/include/c++/9.2.1/arm-none-eabi"/>
					<Add directory="/usr/local/Caskroom/gcc-arm-embedded/9-2019-q4-major/gcc-arm-none-eabi-9-2019-q4-major/bin/../lib/gcc/arm-none-eabi/9.2.1/../../../../arm-none-eabi/include/c++/9.2.1/backward"/>
					<Add directory="/usr/local/Caskroom/gcc-arm-embedded/9-2019-q4-major/gcc-arm-none-eabi-9-2019-q4-major/bin/../lib/gcc/arm-none-eabi/9.2.1/include"/>
					<Add directory="/usr/local/Caskroom/gcc-arm-embedded/9-2019-q4-major/gcc-arm-none-eabi-9-2019-q4-major/bin/../lib/gcc/arm-none-eabi/9.2.1/include-fixed"/>
					<Add directory="/usr/local/Caskroom/gcc-arm-embedded/9-2019-q4-major/gcc-arm-none-eabi-9-2019-q4-major/bin/../lib/gcc/arm-none-eabi/9.2.1/../../../../arm-none-eabi/include"/>
				</Compiler>
				<MakeCommands>
					<Build command="/usr/bin/make -j12 -f &quot;/Users/khoahuynh/Documents/Document/Lilygo_T-motion/stm32l073rztx_cmake/Makefile&quot;  VERBOSE=1 stm32l073rztx_cmake.elf/fast"/>
					<CompileFile command="/usr/bin/make -j12 -f &quot;/Users/khoahuynh/Documents/Document/Lilygo_T-motion/stm32l073rztx_cmake/Makefile&quot;  VERBOSE=1 &quot;$file&quot;"/>
					<Clean command="/usr/bin/make -j12 -f &quot;/Users/khoahuynh/Documents/Document/Lilygo_T-motion/stm32l073rztx_cmake/Makefile&quot;  VERBOSE=1 clean"/>
					<DistClean command="/usr/bin/make -j12 -f &quot;/Users/khoahuynh/Documents/Document/Lilygo_T-motion/stm32l073rztx_cmake/Makefile&quot;  VERBOSE=1 clean"/>
				</MakeCommands>
			</Target>
		</Build>
		<Unit filename="/Users/khoahuynh/Documents/Document/Lilygo_T-motion/stm32l073rztx_cmake/Drivers/CMSIS/Device/ST/STM32L0xx/Include/stm32l073xx.h">
			<Option target="stm32l073rztx_cmake.elf"/>
		</Unit>
		<Unit filename="/Users/khoahuynh/Documents/Document/Lilygo_T-motion/stm32l073rztx_cmake/Drivers/CMSIS/Device/ST/STM32L0xx/Include/stm32l0xx.h">
			<Option target="stm32l073rztx_cmake.elf"/>
		</Unit>
		<Unit filename="/Users/khoahuynh/Documents/Document/Lilygo_T-motion/stm32l073rztx_cmake/Drivers/CMSIS/Device/ST/STM32L0xx/Include/system_stm32l0xx.h">
			<Option target="stm32l073rztx_cmake.elf"/>
		</Unit>
		<Unit filename="/Users/khoahuynh/Documents/Document/Lilygo_T-motion/stm32l073rztx_cmake/Drivers/CMSIS/Include/arm_common_tables.h">
			<Option target="stm32l073rztx_cmake.elf"/>
		</Unit>
		<Unit filename="/Users/khoahuynh/Documents/Document/Lilygo_T-motion/stm32l073rztx_cmake/Drivers/CMSIS/Include/arm_const_structs.h">
			<Option target="stm32l073rztx_cmake.elf"/>
		</Unit>
		<Unit filename="/Users/khoahuynh/Documents/Document/Lilygo_T-motion/stm32l073rztx_cmake/Drivers/CMSIS/Include/arm_math.h">
			<Option target="stm32l073rztx_cmake.elf"/>
		</Unit>
		<Unit filename="/Users/khoahuynh/Documents/Document/Lilygo_T-motion/stm32l073rztx_cmake/Drivers/CMSIS/Include/cmsis_armcc.h">
			<Option target="stm32l073rztx_cmake.elf"/>
		</Unit>
		<Unit filename="/Users/khoahuynh/Documents/Document/Lilygo_T-motion/stm32l073rztx_cmake/Drivers/CMSIS/Include/cmsis_armcc_V6.h">
			<Option target="stm32l073rztx_cmake.elf"/>
		</Unit>
		<Unit filename="/Users/khoahuynh/Documents/Document/Lilygo_T-motion/stm32l073rztx_cmake/Drivers/CMSIS/Include/cmsis_gcc.h">
			<Option target="stm32l073rztx_cmake.elf"/>
		</Unit>
		<Unit filename="/Users/khoahuynh/Documents/Document/Lilygo_T-motion/stm32l073rztx_cmake/Drivers/CMSIS/Include/core_cm0.h">
			<Option target="stm32l073rztx_cmake.elf"/>
		</Unit>
		<Unit filename="/Users/khoahuynh/Documents/Document/Lilygo_T-motion/stm32l073rztx_cmake/Drivers/CMSIS/Include/core_cm0plus.h">
			<Option target="stm32l073rztx_cmake.elf"/>
		</Unit>
		<Unit filename="/Users/khoahuynh/Documents/Document/Lilygo_T-motion/stm32l073rztx_cmake/Drivers/CMSIS/Include/core_cm3.h">
			<Option target="stm32l073rztx_cmake.elf"/>
		</Unit>
		<Unit filename="/Users/khoahuynh/Documents/Document/Lilygo_T-motion/stm32l073rztx_cmake/Drivers/CMSIS/Include/core_cm4.h">
			<Option target="stm32l073rztx_cmake.elf"/>
		</Unit>
		<Unit filename="/Users/khoahuynh/Documents/Document/Lilygo_T-motion/stm32l073rztx_cmake/Drivers/CMSIS/Include/core_cm7.h">
			<Option target="stm32l073rztx_cmake.elf"/>
		</Unit>
		<Unit filename="/Users/khoahuynh/Documents/Document/Lilygo_T-motion/stm32l073rztx_cmake/Drivers/CMSIS/Include/core_cmFunc.h">
			<Option target="stm32l073rztx_cmake.elf"/>
		</Unit>
		<Unit filename="/Users/khoahuynh/Documents/Document/Lilygo_T-motion/stm32l073rztx_cmake/Drivers/CMSIS/Include/core_cmInstr.h">
			<Option target="stm32l073rztx_cmake.elf"/>
		</Unit>
		<Unit filename="/Users/khoahuynh/Documents/Document/Lilygo_T-motion/stm32l073rztx_cmake/Drivers/CMSIS/Include/core_cmSimd.h">
			<Option target="stm32l073rztx_cmake.elf"/>
		</Unit>
		<Unit filename="/Users/khoahuynh/Documents/Document/Lilygo_T-motion/stm32l073rztx_cmake/Drivers/CMSIS/Include/core_sc000.h">
			<Option target="stm32l073rztx_cmake.elf"/>
		</Unit>
		<Unit filename="/Users/khoahuynh/Documents/Document/Lilygo_T-motion/stm32l073rztx_cmake/Drivers/CMSIS/Include/core_sc300.h">
			<Option target="stm32l073rztx_cmake.elf"/>
		</Unit>
		<Unit filename="/Users/khoahuynh/Documents/Document/Lilygo_T-motion/stm32l073rztx_cmake/Drivers/STM32L0xx_HAL_Driver/Inc/Legacy/stm32_hal_legacy.h">
			<Option target="stm32l073rztx_cmake.elf"/>
		</Unit>
		<Unit filename="/Users/khoahuynh/Documents/Document/Lilygo_T-motion/stm32l073rztx_cmake/Drivers/STM32L0xx_HAL_Driver/Inc/stm32l0xx_hal.h">
			<Option target="stm32l073rztx_cmake.elf"/>
		</Unit>
		<Unit filename="/Users/khoahuynh/Documents/Document/Lilygo_T-motion/stm32l073rztx_cmake/Drivers/STM32L0xx_HAL_Driver/Inc/stm32l0xx_hal_adc.h">
			<Option target="stm32l073rztx_cmake.elf"/>
		</Unit>
		<Unit filename="/Users/khoahuynh/Documents/Document/Lilygo_T-motion/stm32l073rztx_cmake/Drivers/STM32L0xx_HAL_Driver/Inc/stm32l0xx_hal_adc_ex.h">
			<Option target="stm32l073rztx_cmake.elf"/>
		</Unit>
		<Unit filename="/Users/khoahuynh/Documents/Document/Lilygo_T-motion/stm32l073rztx_cmake/Drivers/STM32L0xx_HAL_Driver/Inc/stm32l0xx_hal_cortex.h">
			<Option target="stm32l073rztx_cmake.elf"/>
		</Unit>
		<Unit filename="/Users/khoahuynh/Documents/Document/Lilygo_T-motion/stm32l073rztx_cmake/Drivers/STM32L0xx_HAL_Driver/Inc/stm32l0xx_hal_def.h">
			<Option target="stm32l073rztx_cmake.elf"/>
		</Unit>
		<Unit filename="/Users/khoahuynh/Documents/Document/Lilygo_T-motion/stm32l073rztx_cmake/Drivers/STM32L0xx_HAL_Driver/Inc/stm32l0xx_hal_dma.h">
			<Option target="stm32l073rztx_cmake.elf"/>
		</Unit>
		<Unit filename="/Users/khoahuynh/Documents/Document/Lilygo_T-motion/stm32l073rztx_cmake/Drivers/STM32L0xx_HAL_Driver/Inc/stm32l0xx_hal_flash.h">
			<Option target="stm32l073rztx_cmake.elf"/>
		</Unit>
		<Unit filename="/Users/khoahuynh/Documents/Document/Lilygo_T-motion/stm32l073rztx_cmake/Drivers/STM32L0xx_HAL_Driver/Inc/stm32l0xx_hal_flash_ex.h">
			<Option target="stm32l073rztx_cmake.elf"/>
		</Unit>
		<Unit filename="/Users/khoahuynh/Documents/Document/Lilygo_T-motion/stm32l073rztx_cmake/Drivers/STM32L0xx_HAL_Driver/Inc/stm32l0xx_hal_flash_ramfunc.h">
			<Option target="stm32l073rztx_cmake.elf"/>
		</Unit>
		<Unit filename="/Users/khoahuynh/Documents/Document/Lilygo_T-motion/stm32l073rztx_cmake/Drivers/STM32L0xx_HAL_Driver/Inc/stm32l0xx_hal_gpio.h">
			<Option target="stm32l073rztx_cmake.elf"/>
		</Unit>
		<Unit filename="/Users/khoahuynh/Documents/Document/Lilygo_T-motion/stm32l073rztx_cmake/Drivers/STM32L0xx_HAL_Driver/Inc/stm32l0xx_hal_gpio_ex.h">
			<Option target="stm32l073rztx_cmake.elf"/>
		</Unit>
		<Unit filename="/Users/khoahuynh/Documents/Document/Lilygo_T-motion/stm32l073rztx_cmake/Drivers/STM32L0xx_HAL_Driver/Inc/stm32l0xx_hal_i2c.h">
			<Option target="stm32l073rztx_cmake.elf"/>
		</Unit>
		<Unit filename="/Users/khoahuynh/Documents/Document/Lilygo_T-motion/stm32l073rztx_cmake/Drivers/STM32L0xx_HAL_Driver/Inc/stm32l0xx_hal_i2c_ex.h">
			<Option target="stm32l073rztx_cmake.elf"/>
		</Unit>
		<Unit filename="/Users/khoahuynh/Documents/Document/Lilygo_T-motion/stm32l073rztx_cmake/Drivers/STM32L0xx_HAL_Driver/Inc/stm32l0xx_hal_pwr.h">
			<Option target="stm32l073rztx_cmake.elf"/>
		</Unit>
		<Unit filename="/Users/khoahuynh/Documents/Document/Lilygo_T-motion/stm32l073rztx_cmake/Drivers/STM32L0xx_HAL_Driver/Inc/stm32l0xx_hal_pwr_ex.h">
			<Option target="stm32l073rztx_cmake.elf"/>
		</Unit>
		<Unit filename="/Users/khoahuynh/Documents/Document/Lilygo_T-motion/stm32l073rztx_cmake/Drivers/STM32L0xx_HAL_Driver/Inc/stm32l0xx_hal_rcc.h">
			<Option target="stm32l073rztx_cmake.elf"/>
		</Unit>
		<Unit filename="/Users/khoahuynh/Documents/Document/Lilygo_T-motion/stm32l073rztx_cmake/Drivers/STM32L0xx_HAL_Driver/Inc/stm32l0xx_hal_rcc_ex.h">
			<Option target="stm32l073rztx_cmake.elf"/>
		</Unit>
		<Unit filename="/Users/khoahuynh/Documents/Document/Lilygo_T-motion/stm32l073rztx_cmake/Drivers/STM32L0xx_HAL_Driver/Inc/stm32l0xx_hal_rtc.h">
			<Option target="stm32l073rztx_cmake.elf"/>
		</Unit>
		<Unit filename="/Users/khoahuynh/Documents/Document/Lilygo_T-motion/stm32l073rztx_cmake/Drivers/STM32L0xx_HAL_Driver/Inc/stm32l0xx_hal_rtc_ex.h">
			<Option target="stm32l073rztx_cmake.elf"/>
		</Unit>
		<Unit filename="/Users/khoahuynh/Documents/Document/Lilygo_T-motion/stm32l073rztx_cmake/Drivers/STM32L0xx_HAL_Driver/Inc/stm32l0xx_hal_spi.h">
			<Option target="stm32l073rztx_cmake.elf"/>
		</Unit>
		<Unit filename="/Users/khoahuynh/Documents/Document/Lilygo_T-motion/stm32l073rztx_cmake/Drivers/STM32L0xx_HAL_Driver/Inc/stm32l0xx_hal_tim.h">
			<Option target="stm32l073rztx_cmake.elf"/>
		</Unit>
		<Unit filename="/Users/khoahuynh/Documents/Document/Lilygo_T-motion/stm32l073rztx_cmake/Drivers/STM32L0xx_HAL_Driver/Inc/stm32l0xx_hal_tim_ex.h">
			<Option target="stm32l073rztx_cmake.elf"/>
		</Unit>
		<Unit filename="/Users/khoahuynh/Documents/Document/Lilygo_T-motion/stm32l073rztx_cmake/Drivers/STM32L0xx_HAL_Driver/Inc/stm32l0xx_hal_uart.h">
			<Option target="stm32l073rztx_cmake.elf"/>
		</Unit>
		<Unit filename="/Users/khoahuynh/Documents/Document/Lilygo_T-motion/stm32l073rztx_cmake/Drivers/STM32L0xx_HAL_Driver/Inc/stm32l0xx_hal_uart_ex.h">
			<Option target="stm32l073rztx_cmake.elf"/>
		</Unit>
		<Unit filename="/Users/khoahuynh/Documents/Document/Lilygo_T-motion/stm32l073rztx_cmake/Drivers/STM32L0xx_HAL_Driver/Src/stm32l0xx_hal.c">
			<Option target="stm32l073rztx_cmake.elf"/>
		</Unit>
		<Unit filename="/Users/khoahuynh/Documents/Document/Lilygo_T-motion/stm32l073rztx_cmake/Drivers/STM32L0xx_HAL_Driver/Src/stm32l0xx_hal_adc.c">
			<Option target="stm32l073rztx_cmake.elf"/>
		</Unit>
		<Unit filename="/Users/khoahuynh/Documents/Document/Lilygo_T-motion/stm32l073rztx_cmake/Drivers/STM32L0xx_HAL_Driver/Src/stm32l0xx_hal_adc_ex.c">
			<Option target="stm32l073rztx_cmake.elf"/>
		</Unit>
		<Unit filename="/Users/khoahuynh/Documents/Document/Lilygo_T-motion/stm32l073rztx_cmake/Drivers/STM32L0xx_HAL_Driver/Src/stm32l0xx_hal_cortex.c">
			<Option target="stm32l073rztx_cmake.elf"/>
		</Unit>
		<Unit filename="/Users/khoahuynh/Documents/Document/Lilygo_T-motion/stm32l073rztx_cmake/Drivers/STM32L0xx_HAL_Driver/Src/stm32l0xx_hal_dma.c">
			<Option target="stm32l073rztx_cmake.elf"/>
		</Unit>
		<Unit filename="/Users/khoahuynh/Documents/Document/Lilygo_T-motion/stm32l073rztx_cmake/Drivers/STM32L0xx_HAL_Driver/Src/stm32l0xx_hal_flash.c">
			<Option target="stm32l073rztx_cmake.elf"/>
		</Unit>
		<Unit filename="/Users/khoahuynh/Documents/Document/Lilygo_T-motion/stm32l073rztx_cmake/Drivers/STM32L0xx_HAL_Driver/Src/stm32l0xx_hal_flash_ex.c">
			<Option target="stm32l073rztx_cmake.elf"/>
		</Unit>
		<Unit filename="/Users/khoahuynh/Documents/Document/Lilygo_T-motion/stm32l073rztx_cmake/Drivers/STM32L0xx_HAL_Driver/Src/stm32l0xx_hal_flash_ramfunc.c">
			<Option target="stm32l073rztx_cmake.elf"/>
		</Unit>
		<Unit filename="/Users/khoahuynh/Documents/Document/Lilygo_T-motion/stm32l073rztx_cmake/Drivers/STM32L0xx_HAL_Driver/Src/stm32l0xx_hal_gpio.c">
			<Option target="stm32l073rztx_cmake.elf"/>
		</Unit>
		<Unit filename="/Users/khoahuynh/Documents/Document/Lilygo_T-motion/stm32l073rztx_cmake/Drivers/STM32L0xx_HAL_Driver/Src/stm32l0xx_hal_i2c.c">
			<Option target="stm32l073rztx_cmake.elf"/>
		</Unit>
		<Unit filename="/Users/khoahuynh/Documents/Document/Lilygo_T-motion/stm32l073rztx_cmake/Drivers/STM32L0xx_HAL_Driver/Src/stm32l0xx_hal_i2c_ex.c">
			<Option target="stm32l073rztx_cmake.elf"/>
		</Unit>
		<Unit filename="/Users/khoahuynh/Documents/Document/Lilygo_T-motion/stm32l073rztx_cmake/Drivers/STM32L0xx_HAL_Driver/Src/stm32l0xx_hal_pwr.c">
			<Option target="stm32l073rztx_cmake.elf"/>
		</Unit>
		<Unit filename="/Users/khoahuynh/Documents/Document/Lilygo_T-motion/stm32l073rztx_cmake/Drivers/STM32L0xx_HAL_Driver/Src/stm32l0xx_hal_pwr_ex.c">
			<Option target="stm32l073rztx_cmake.elf"/>
		</Unit>
		<Unit filename="/Users/khoahuynh/Documents/Document/Lilygo_T-motion/stm32l073rztx_cmake/Drivers/STM32L0xx_HAL_Driver/Src/stm32l0xx_hal_rcc.c">
			<Option target="stm32l073rztx_cmake.elf"/>
		</Unit>
		<Unit filename="/Users/khoahuynh/Documents/Document/Lilygo_T-motion/stm32l073rztx_cmake/Drivers/STM32L0xx_HAL_Driver/Src/stm32l0xx_hal_rcc_ex.c">
			<Option target="stm32l073rztx_cmake.elf"/>
		</Unit>
		<Unit filename="/Users/khoahuynh/Documents/Document/Lilygo_T-motion/stm32l073rztx_cmake/Drivers/STM32L0xx_HAL_Driver/Src/stm32l0xx_hal_rtc.c">
			<Option target="stm32l073rztx_cmake.elf"/>
		</Unit>
		<Unit filename="/Users/khoahuynh/Documents/Document/Lilygo_T-motion/stm32l073rztx_cmake/Drivers/STM32L0xx_HAL_Driver/Src/stm32l0xx_hal_rtc_ex.c">
			<Option target="stm32l073rztx_cmake.elf"/>
		</Unit>
		<Unit filename="/Users/khoahuynh/Documents/Document/Lilygo_T-motion/stm32l073rztx_cmake/Drivers/STM32L0xx_HAL_Driver/Src/stm32l0xx_hal_spi.c">
			<Option target="stm32l073rztx_cmake.elf"/>
		</Unit>
		<Unit filename="/Users/khoahuynh/Documents/Document/Lilygo_T-motion/stm32l073rztx_cmake/Drivers/STM32L0xx_HAL_Driver/Src/stm32l0xx_hal_tim.c">
			<Option target="stm32l073rztx_cmake.elf"/>
		</Unit>
		<Unit filename="/Users/khoahuynh/Documents/Document/Lilygo_T-motion/stm32l073rztx_cmake/Drivers/STM32L0xx_HAL_Driver/Src/stm32l0xx_hal_tim_ex.c">
			<Option target="stm32l073rztx_cmake.elf"/>
		</Unit>
		<Unit filename="/Users/khoahuynh/Documents/Document/Lilygo_T-motion/stm32l073rztx_cmake/Drivers/STM32L0xx_HAL_Driver/Src/stm32l0xx_hal_uart.c">
			<Option target="stm32l073rztx_cmake.elf"/>
		</Unit>
		<Unit filename="/Users/khoahuynh/Documents/Document/Lilygo_T-motion/stm32l073rztx_cmake/Drivers/STM32L0xx_HAL_Driver/Src/stm32l0xx_hal_uart_ex.c">
			<Option target="stm32l073rztx_cmake.elf"/>
		</Unit>
		<Unit filename="/Users/khoahuynh/Documents/Document/Lilygo_T-motion/stm32l073rztx_cmake/Middlewares/.DS_Store">
			<Option target="stm32l073rztx_cmake.elf"/>
		</Unit>
		<Unit filename="/Users/khoahuynh/Documents/Document/Lilygo_T-motion/stm32l073rztx_cmake/Middlewares/LoRaMac-node/.DS_Store">
			<Option target="stm32l073rztx_cmake.elf"/>
		</Unit>
		<Unit filename="/Users/khoahuynh/Documents/Document/Lilygo_T-motion/stm32l073rztx_cmake/Middlewares/LoRaMac-node/apps/LoRaMac/common/CayenneLpp.c">
			<Option target="stm32l073rztx_cmake.elf"/>
		</Unit>
		<Unit filename="/Users/khoahuynh/Documents/Document/Lilygo_T-motion/stm32l073rztx_cmake/Middlewares/LoRaMac-node/apps/LoRaMac/common/CayenneLpp.h">
			<Option target="stm32l073rztx_cmake.elf"/>
		</Unit>
		<Unit filename="/Users/khoahuynh/Documents/Document/Lilygo_T-motion/stm32l073rztx_cmake/Middlewares/LoRaMac-node/apps/LoRaMac/common/Commissioning.h">
			<Option target="stm32l073rztx_cmake.elf"/>
		</Unit>
		<Unit filename="/Users/khoahuynh/Documents/Document/Lilygo_T-motion/stm32l073rztx_cmake/Middlewares/LoRaMac-node/apps/LoRaMac/common/LmHandler/LmHandler.c">
			<Option target="stm32l073rztx_cmake.elf"/>
		</Unit>
		<Unit filename="/Users/khoahuynh/Documents/Document/Lilygo_T-motion/stm32l073rztx_cmake/Middlewares/LoRaMac-node/apps/LoRaMac/common/LmHandler/LmHandler.h">
			<Option target="stm32l073rztx_cmake.elf"/>
		</Unit>
		<Unit filename="/Users/khoahuynh/Documents/Document/Lilygo_T-motion/stm32l073rztx_cmake/Middlewares/LoRaMac-node/apps/LoRaMac/common/LmHandler/LmHandlerTypes.h">
			<Option target="stm32l073rztx_cmake.elf"/>
		</Unit>
		<Unit filename="/Users/khoahuynh/Documents/Document/Lilygo_T-motion/stm32l073rztx_cmake/Middlewares/LoRaMac-node/apps/LoRaMac/common/LmHandler/packages/FragDecoder.c">
			<Option target="stm32l073rztx_cmake.elf"/>
		</Unit>
		<Unit filename="/Users/khoahuynh/Documents/Document/Lilygo_T-motion/stm32l073rztx_cmake/Middlewares/LoRaMac-node/apps/LoRaMac/common/LmHandler/packages/FragDecoder.h">
			<Option target="stm32l073rztx_cmake.elf"/>
		</Unit>
		<Unit filename="/Users/khoahuynh/Documents/Document/Lilygo_T-motion/stm32l073rztx_cmake/Middlewares/LoRaMac-node/apps/LoRaMac/common/LmHandler/packages/LmhPackage.h">
			<Option target="stm32l073rztx_cmake.elf"/>
		</Unit>
		<Unit filename="/Users/khoahuynh/Documents/Document/Lilygo_T-motion/stm32l073rztx_cmake/Middlewares/LoRaMac-node/apps/LoRaMac/common/LmHandler/packages/LmhpClockSync.c">
			<Option target="stm32l073rztx_cmake.elf"/>
		</Unit>
		<Unit filename="/Users/khoahuynh/Documents/Document/Lilygo_T-motion/stm32l073rztx_cmake/Middlewares/LoRaMac-node/apps/LoRaMac/common/LmHandler/packages/LmhpClockSync.h">
			<Option target="stm32l073rztx_cmake.elf"/>
		</Unit>
		<Unit filename="/Users/khoahuynh/Documents/Document/Lilygo_T-motion/stm32l073rztx_cmake/Middlewares/LoRaMac-node/apps/LoRaMac/common/LmHandler/packages/LmhpCompliance.c">
			<Option target="stm32l073rztx_cmake.elf"/>
		</Unit>
		<Unit filename="/Users/khoahuynh/Documents/Document/Lilygo_T-motion/stm32l073rztx_cmake/Middlewares/LoRaMac-node/apps/LoRaMac/common/LmHandler/packages/LmhpCompliance.h">
			<Option target="stm32l073rztx_cmake.elf"/>
		</Unit>
		<Unit filename="/Users/khoahuynh/Documents/Document/Lilygo_T-motion/stm32l073rztx_cmake/Middlewares/LoRaMac-node/apps/LoRaMac/common/LmHandler/packages/LmhpFragmentation.c">
			<Option target="stm32l073rztx_cmake.elf"/>
		</Unit>
		<Unit filename="/Users/khoahuynh/Documents/Document/Lilygo_T-motion/stm32l073rztx_cmake/Middlewares/LoRaMac-node/apps/LoRaMac/common/LmHandler/packages/LmhpFragmentation.h">
			<Option target="stm32l073rztx_cmake.elf"/>
		</Unit>
		<Unit filename="/Users/khoahuynh/Documents/Document/Lilygo_T-motion/stm32l073rztx_cmake/Middlewares/LoRaMac-node/apps/LoRaMac/common/LmHandler/packages/LmhpRemoteMcastSetup.c">
			<Option target="stm32l073rztx_cmake.elf"/>
		</Unit>
		<Unit filename="/Users/khoahuynh/Documents/Document/Lilygo_T-motion/stm32l073rztx_cmake/Middlewares/LoRaMac-node/apps/LoRaMac/common/LmHandler/packages/LmhpRemoteMcastSetup.h">
			<Option target="stm32l073rztx_cmake.elf"/>
		</Unit>
		<Unit filename="/Users/khoahuynh/Documents/Document/Lilygo_T-motion/stm32l073rztx_cmake/Middlewares/LoRaMac-node/apps/LoRaMac/common/LmHandlerMsgDisplay.c">
			<Option target="stm32l073rztx_cmake.elf"/>
		</Unit>
		<Unit filename="/Users/khoahuynh/Documents/Document/Lilygo_T-motion/stm32l073rztx_cmake/Middlewares/LoRaMac-node/apps/LoRaMac/common/LmHandlerMsgDisplay.h">
			<Option target="stm32l073rztx_cmake.elf"/>
		</Unit>
		<Unit filename="/Users/khoahuynh/Documents/Document/Lilygo_T-motion/stm32l073rztx_cmake/Middlewares/LoRaMac-node/apps/LoRaMac/common/NvmCtxMgmt.c">
			<Option target="stm32l073rztx_cmake.elf"/>
		</Unit>
		<Unit filename="/Users/khoahuynh/Documents/Document/Lilygo_T-motion/stm32l073rztx_cmake/Middlewares/LoRaMac-node/apps/LoRaMac/common/NvmCtxMgmt.h">
			<Option target="stm32l073rztx_cmake.elf"/>
		</Unit>
		<Unit filename="/Users/khoahuynh/Documents/Document/Lilygo_T-motion/stm32l073rztx_cmake/Middlewares/LoRaMac-node/apps/LoRaMac/fuota-test-01/readme.md">
			<Option target="stm32l073rztx_cmake.elf"/>
		</Unit>
		<Unit filename="/Users/khoahuynh/Documents/Document/Lilygo_T-motion/stm32l073rztx_cmake/Middlewares/LoRaMac-node/boards/.DS_Store">
			<Option target="stm32l073rztx_cmake.elf"/>
		</Unit>
		<Unit filename="/Users/khoahuynh/Documents/Document/Lilygo_T-motion/stm32l073rztx_cmake/Middlewares/LoRaMac-node/boards/S76G-lilygo-tmotion/.DS_Store">
			<Option target="stm32l073rztx_cmake.elf"/>
		</Unit>
		<Unit filename="/Users/khoahuynh/Documents/Document/Lilygo_T-motion/stm32l073rztx_cmake/Middlewares/LoRaMac-node/boards/S76G-lilygo-tmotion/board-config.h">
			<Option target="stm32l073rztx_cmake.elf"/>
		</Unit>
		<Unit filename="/Users/khoahuynh/Documents/Document/Lilygo_T-motion/stm32l073rztx_cmake/Middlewares/LoRaMac-node/boards/S76G-lilygo-tmotion/board.c">
			<Option target="stm32l073rztx_cmake.elf"/>
		</Unit>
		<Unit filename="/Users/khoahuynh/Documents/Document/Lilygo_T-motion/stm32l073rztx_cmake/Middlewares/LoRaMac-node/boards/S76G-lilygo-tmotion/delay-board.c">
			<Option target="stm32l073rztx_cmake.elf"/>
		</Unit>
		<Unit filename="/Users/khoahuynh/Documents/Document/Lilygo_T-motion/stm32l073rztx_cmake/Middlewares/LoRaMac-node/boards/S76G-lilygo-tmotion/eeprom-board.c">
			<Option target="stm32l073rztx_cmake.elf"/>
		</Unit>
		<Unit filename="/Users/khoahuynh/Documents/Document/Lilygo_T-motion/stm32l073rztx_cmake/Middlewares/LoRaMac-node/boards/S76G-lilygo-tmotion/gpio-board.c">
			<Option target="stm32l073rztx_cmake.elf"/>
		</Unit>
		<Unit filename="/Users/khoahuynh/Documents/Document/Lilygo_T-motion/stm32l073rztx_cmake/Middlewares/LoRaMac-node/boards/S76G-lilygo-tmotion/lpm-board.c">
			<Option target="stm32l073rztx_cmake.elf"/>
		</Unit>
		<Unit filename="/Users/khoahuynh/Documents/Document/Lilygo_T-motion/stm32l073rztx_cmake/Middlewares/LoRaMac-node/boards/S76G-lilygo-tmotion/rtc-board.c">
			<Option target="stm32l073rztx_cmake.elf"/>
		</Unit>
		<Unit filename="/Users/khoahuynh/Documents/Document/Lilygo_T-motion/stm32l073rztx_cmake/Middlewares/LoRaMac-node/boards/S76G-lilygo-tmotion/spi-board.c">
			<Option target="stm32l073rztx_cmake.elf"/>
		</Unit>
		<Unit filename="/Users/khoahuynh/Documents/Document/Lilygo_T-motion/stm32l073rztx_cmake/Middlewares/LoRaMac-node/boards/S76G-lilygo-tmotion/sx1276-board.c">
			<Option target="stm32l073rztx_cmake.elf"/>
		</Unit>
		<Unit filename="/Users/khoahuynh/Documents/Document/Lilygo_T-motion/stm32l073rztx_cmake/Middlewares/LoRaMac-node/boards/S76G-lilygo-tmotion/utilities.c">
			<Option target="stm32l073rztx_cmake.elf"/>
		</Unit>
		<Unit filename="/Users/khoahuynh/Documents/Document/Lilygo_T-motion/stm32l073rztx_cmake/Middlewares/LoRaMac-node/boards/adc-board.h">
			<Option target="stm32l073rztx_cmake.elf"/>
		</Unit>
		<Unit filename="/Users/khoahuynh/Documents/Document/Lilygo_T-motion/stm32l073rztx_cmake/Middlewares/LoRaMac-node/boards/board.h">
			<Option target="stm32l073rztx_cmake.elf"/>
		</Unit>
		<Unit filename="/Users/khoahuynh/Documents/Document/Lilygo_T-motion/stm32l073rztx_cmake/Middlewares/LoRaMac-node/boards/delay-board.h">
			<Option target="stm32l073rztx_cmake.elf"/>
		</Unit>
		<Unit filename="/Users/khoahuynh/Documents/Document/Lilygo_T-motion/stm32l073rztx_cmake/Middlewares/LoRaMac-node/boards/display-board.h">
			<Option target="stm32l073rztx_cmake.elf"/>
		</Unit>
		<Unit filename="/Users/khoahuynh/Documents/Document/Lilygo_T-motion/stm32l073rztx_cmake/Middlewares/LoRaMac-node/boards/eeprom-board.h">
			<Option target="stm32l073rztx_cmake.elf"/>
		</Unit>
		<Unit filename="/Users/khoahuynh/Documents/Document/Lilygo_T-motion/stm32l073rztx_cmake/Middlewares/LoRaMac-node/boards/gpio-board.h">
			<Option target="stm32l073rztx_cmake.elf"/>
		</Unit>
		<Unit filename="/Users/khoahuynh/Documents/Document/Lilygo_T-motion/stm32l073rztx_cmake/Middlewares/LoRaMac-node/boards/gps-board.h">
			<Option target="stm32l073rztx_cmake.elf"/>
		</Unit>
		<Unit filename="/Users/khoahuynh/Documents/Document/Lilygo_T-motion/stm32l073rztx_cmake/Middlewares/LoRaMac-node/boards/i2c-board.h">
			<Option target="stm32l073rztx_cmake.elf"/>
		</Unit>
		<Unit filename="/Users/khoahuynh/Documents/Document/Lilygo_T-motion/stm32l073rztx_cmake/Middlewares/LoRaMac-node/boards/lpm-board.h">
			<Option target="stm32l073rztx_cmake.elf"/>
		</Unit>
		<Unit filename="/Users/khoahuynh/Documents/Document/Lilygo_T-motion/stm32l073rztx_cmake/Middlewares/LoRaMac-node/boards/pinName-board.h">
			<Option target="stm32l073rztx_cmake.elf"/>
		</Unit>
		<Unit filename="/Users/khoahuynh/Documents/Document/Lilygo_T-motion/stm32l073rztx_cmake/Middlewares/LoRaMac-node/boards/pinName-ioe.h">
			<Option target="stm32l073rztx_cmake.elf"/>
		</Unit>
		<Unit filename="/Users/khoahuynh/Documents/Document/Lilygo_T-motion/stm32l073rztx_cmake/Middlewares/LoRaMac-node/boards/rtc-board.h">
			<Option target="stm32l073rztx_cmake.elf"/>
		</Unit>
		<Unit filename="/Users/khoahuynh/Documents/Document/Lilygo_T-motion/stm32l073rztx_cmake/Middlewares/LoRaMac-node/boards/spi-board.h">
			<Option target="stm32l073rztx_cmake.elf"/>
		</Unit>
		<Unit filename="/Users/khoahuynh/Documents/Document/Lilygo_T-motion/stm32l073rztx_cmake/Middlewares/LoRaMac-node/boards/sx1276-board.h">
			<Option target="stm32l073rztx_cmake.elf"/>
		</Unit>
		<Unit filename="/Users/khoahuynh/Documents/Document/Lilygo_T-motion/stm32l073rztx_cmake/Middlewares/LoRaMac-node/boards/uart-board.h">
			<Option target="stm32l073rztx_cmake.elf"/>
		</Unit>
		<Unit filename="/Users/khoahuynh/Documents/Document/Lilygo_T-motion/stm32l073rztx_cmake/Middlewares/LoRaMac-node/boards/uart-usb-board.h">
			<Option target="stm32l073rztx_cmake.elf"/>
		</Unit>
		<Unit filename="/Users/khoahuynh/Documents/Document/Lilygo_T-motion/stm32l073rztx_cmake/Middlewares/LoRaMac-node/boards/utilities.h">
			<Option target="stm32l073rztx_cmake.elf"/>
		</Unit>
		<Unit filename="/Users/khoahuynh/Documents/Document/Lilygo_T-motion/stm32l073rztx_cmake/Middlewares/LoRaMac-node/mac/LoRaMac.c">
			<Option target="stm32l073rztx_cmake.elf"/>
		</Unit>
		<Unit filename="/Users/khoahuynh/Documents/Document/Lilygo_T-motion/stm32l073rztx_cmake/Middlewares/LoRaMac-node/mac/LoRaMac.h">
			<Option target="stm32l073rztx_cmake.elf"/>
		</Unit>
		<Unit filename="/Users/khoahuynh/Documents/Document/Lilygo_T-motion/stm32l073rztx_cmake/Middlewares/LoRaMac-node/mac/LoRaMacAdr.c">
			<Option target="stm32l073rztx_cmake.elf"/>
		</Unit>
		<Unit filename="/Users/khoahuynh/Documents/Document/Lilygo_T-motion/stm32l073rztx_cmake/Middlewares/LoRaMac-node/mac/LoRaMacAdr.h">
			<Option target="stm32l073rztx_cmake.elf"/>
		</Unit>
		<Unit filename="/Users/khoahuynh/Documents/Document/Lilygo_T-motion/stm32l073rztx_cmake/Middlewares/LoRaMac-node/mac/LoRaMacClassB.c">
			<Option target="stm32l073rztx_cmake.elf"/>
		</Unit>
		<Unit filename="/Users/khoahuynh/Documents/Document/Lilygo_T-motion/stm32l073rztx_cmake/Middlewares/LoRaMac-node/mac/LoRaMacClassB.h">
			<Option target="stm32l073rztx_cmake.elf"/>
		</Unit>
		<Unit filename="/Users/khoahuynh/Documents/Document/Lilygo_T-motion/stm32l073rztx_cmake/Middlewares/LoRaMac-node/mac/LoRaMacClassBConfig.h">
			<Option target="stm32l073rztx_cmake.elf"/>
		</Unit>
		<Unit filename="/Users/khoahuynh/Documents/Document/Lilygo_T-motion/stm32l073rztx_cmake/Middlewares/LoRaMac-node/mac/LoRaMacCommands.c">
			<Option target="stm32l073rztx_cmake.elf"/>
		</Unit>
		<Unit filename="/Users/khoahuynh/Documents/Document/Lilygo_T-motion/stm32l073rztx_cmake/Middlewares/LoRaMac-node/mac/LoRaMacCommands.h">
			<Option target="stm32l073rztx_cmake.elf"/>
		</Unit>
		<Unit filename="/Users/khoahuynh/Documents/Document/Lilygo_T-motion/stm32l073rztx_cmake/Middlewares/LoRaMac-node/mac/LoRaMacConfirmQueue.c">
			<Option target="stm32l073rztx_cmake.elf"/>
		</Unit>
		<Unit filename="/Users/khoahuynh/Documents/Document/Lilygo_T-motion/stm32l073rztx_cmake/Middlewares/LoRaMac-node/mac/LoRaMacConfirmQueue.h">
			<Option target="stm32l073rztx_cmake.elf"/>
		</Unit>
		<Unit filename="/Users/khoahuynh/Documents/Document/Lilygo_T-motion/stm32l073rztx_cmake/Middlewares/LoRaMac-node/mac/LoRaMacCrypto.c">
			<Option target="stm32l073rztx_cmake.elf"/>
		</Unit>
		<Unit filename="/Users/khoahuynh/Documents/Document/Lilygo_T-motion/stm32l073rztx_cmake/Middlewares/LoRaMac-node/mac/LoRaMacCrypto.h">
			<Option target="stm32l073rztx_cmake.elf"/>
		</Unit>
		<Unit filename="/Users/khoahuynh/Documents/Document/Lilygo_T-motion/stm32l073rztx_cmake/Middlewares/LoRaMac-node/mac/LoRaMacHeaderTypes.h">
			<Option target="stm32l073rztx_cmake.elf"/>
		</Unit>
		<Unit filename="/Users/khoahuynh/Documents/Document/Lilygo_T-motion/stm32l073rztx_cmake/Middlewares/LoRaMac-node/mac/LoRaMacMessageTypes.h">
			<Option target="stm32l073rztx_cmake.elf"/>
		</Unit>
		<Unit filename="/Users/khoahuynh/Documents/Document/Lilygo_T-motion/stm32l073rztx_cmake/Middlewares/LoRaMac-node/mac/LoRaMacParser.c">
			<Option target="stm32l073rztx_cmake.elf"/>
		</Unit>
		<Unit filename="/Users/khoahuynh/Documents/Document/Lilygo_T-motion/stm32l073rztx_cmake/Middlewares/LoRaMac-node/mac/LoRaMacParser.h">
			<Option target="stm32l073rztx_cmake.elf"/>
		</Unit>
		<Unit filename="/Users/khoahuynh/Documents/Document/Lilygo_T-motion/stm32l073rztx_cmake/Middlewares/LoRaMac-node/mac/LoRaMacSerializer.c">
			<Option target="stm32l073rztx_cmake.elf"/>
		</Unit>
		<Unit filename="/Users/khoahuynh/Documents/Document/Lilygo_T-motion/stm32l073rztx_cmake/Middlewares/LoRaMac-node/mac/LoRaMacSerializer.h">
			<Option target="stm32l073rztx_cmake.elf"/>
		</Unit>
		<Unit filename="/Users/khoahuynh/Documents/Document/Lilygo_T-motion/stm32l073rztx_cmake/Middlewares/LoRaMac-node/mac/LoRaMacTest.h">
			<Option target="stm32l073rztx_cmake.elf"/>
		</Unit>
		<Unit filename="/Users/khoahuynh/Documents/Document/Lilygo_T-motion/stm32l073rztx_cmake/Middlewares/LoRaMac-node/mac/LoRaMacTypes.h">
			<Option target="stm32l073rztx_cmake.elf"/>
		</Unit>
		<Unit filename="/Users/khoahuynh/Documents/Document/Lilygo_T-motion/stm32l073rztx_cmake/Middlewares/LoRaMac-node/mac/region/Region.c">
			<Option target="stm32l073rztx_cmake.elf"/>
		</Unit>
		<Unit filename="/Users/khoahuynh/Documents/Document/Lilygo_T-motion/stm32l073rztx_cmake/Middlewares/LoRaMac-node/mac/region/Region.h">
			<Option target="stm32l073rztx_cmake.elf"/>
		</Unit>
		<Unit filename="/Users/khoahuynh/Documents/Document/Lilygo_T-motion/stm32l073rztx_cmake/Middlewares/LoRaMac-node/mac/region/RegionAS923.c">
			<Option target="stm32l073rztx_cmake.elf"/>
		</Unit>
		<Unit filename="/Users/khoahuynh/Documents/Document/Lilygo_T-motion/stm32l073rztx_cmake/Middlewares/LoRaMac-node/mac/region/RegionAS923.h">
			<Option target="stm32l073rztx_cmake.elf"/>
		</Unit>
		<Unit filename="/Users/khoahuynh/Documents/Document/Lilygo_T-motion/stm32l073rztx_cmake/Middlewares/LoRaMac-node/mac/region/RegionAU915.c">
			<Option target="stm32l073rztx_cmake.elf"/>
		</Unit>
		<Unit filename="/Users/khoahuynh/Documents/Document/Lilygo_T-motion/stm32l073rztx_cmake/Middlewares/LoRaMac-node/mac/region/RegionAU915.h">
			<Option target="stm32l073rztx_cmake.elf"/>
		</Unit>
		<Unit filename="/Users/khoahuynh/Documents/Document/Lilygo_T-motion/stm32l073rztx_cmake/Middlewares/LoRaMac-node/mac/region/RegionCN470.c">
			<Option target="stm32l073rztx_cmake.elf"/>
		</Unit>
		<Unit filename="/Users/khoahuynh/Documents/Document/Lilygo_T-motion/stm32l073rztx_cmake/Middlewares/LoRaMac-node/mac/region/RegionCN470.h">
			<Option target="stm32l073rztx_cmake.elf"/>
		</Unit>
		<Unit filename="/Users/khoahuynh/Documents/Document/Lilygo_T-motion/stm32l073rztx_cmake/Middlewares/LoRaMac-node/mac/region/RegionCN779.c">
			<Option target="stm32l073rztx_cmake.elf"/>
		</Unit>
		<Unit filename="/Users/khoahuynh/Documents/Document/Lilygo_T-motion/stm32l073rztx_cmake/Middlewares/LoRaMac-node/mac/region/RegionCN779.h">
			<Option target="stm32l073rztx_cmake.elf"/>
		</Unit>
		<Unit filename="/Users/khoahuynh/Documents/Document/Lilygo_T-motion/stm32l073rztx_cmake/Middlewares/LoRaMac-node/mac/region/RegionCommon.c">
			<Option target="stm32l073rztx_cmake.elf"/>
		</Unit>
		<Unit filename="/Users/khoahuynh/Documents/Document/Lilygo_T-motion/stm32l073rztx_cmake/Middlewares/LoRaMac-node/mac/region/RegionCommon.h">
			<Option target="stm32l073rztx_cmake.elf"/>
		</Unit>
		<Unit filename="/Users/khoahuynh/Documents/Document/Lilygo_T-motion/stm32l073rztx_cmake/Middlewares/LoRaMac-node/mac/region/RegionEU433.c">
			<Option target="stm32l073rztx_cmake.elf"/>
		</Unit>
		<Unit filename="/Users/khoahuynh/Documents/Document/Lilygo_T-motion/stm32l073rztx_cmake/Middlewares/LoRaMac-node/mac/region/RegionEU433.h">
			<Option target="stm32l073rztx_cmake.elf"/>
		</Unit>
		<Unit filename="/Users/khoahuynh/Documents/Document/Lilygo_T-motion/stm32l073rztx_cmake/Middlewares/LoRaMac-node/mac/region/RegionEU868.c">
			<Option target="stm32l073rztx_cmake.elf"/>
		</Unit>
		<Unit filename="/Users/khoahuynh/Documents/Document/Lilygo_T-motion/stm32l073rztx_cmake/Middlewares/LoRaMac-node/mac/region/RegionEU868.h">
			<Option target="stm32l073rztx_cmake.elf"/>
		</Unit>
		<Unit filename="/Users/khoahuynh/Documents/Document/Lilygo_T-motion/stm32l073rztx_cmake/Middlewares/LoRaMac-node/mac/region/RegionIN865.c">
			<Option target="stm32l073rztx_cmake.elf"/>
		</Unit>
		<Unit filename="/Users/khoahuynh/Documents/Document/Lilygo_T-motion/stm32l073rztx_cmake/Middlewares/LoRaMac-node/mac/region/RegionIN865.h">
			<Option target="stm32l073rztx_cmake.elf"/>
		</Unit>
		<Unit filename="/Users/khoahuynh/Documents/Document/Lilygo_T-motion/stm32l073rztx_cmake/Middlewares/LoRaMac-node/mac/region/RegionKR920.c">
			<Option target="stm32l073rztx_cmake.elf"/>
		</Unit>
		<Unit filename="/Users/khoahuynh/Documents/Document/Lilygo_T-motion/stm32l073rztx_cmake/Middlewares/LoRaMac-node/mac/region/RegionKR920.h">
			<Option target="stm32l073rztx_cmake.elf"/>
		</Unit>
		<Unit filename="/Users/khoahuynh/Documents/Document/Lilygo_T-motion/stm32l073rztx_cmake/Middlewares/LoRaMac-node/mac/region/RegionRU864.c">
			<Option target="stm32l073rztx_cmake.elf"/>
		</Unit>
		<Unit filename="/Users/khoahuynh/Documents/Document/Lilygo_T-motion/stm32l073rztx_cmake/Middlewares/LoRaMac-node/mac/region/RegionRU864.h">
			<Option target="stm32l073rztx_cmake.elf"/>
		</Unit>
		<Unit filename="/Users/khoahuynh/Documents/Document/Lilygo_T-motion/stm32l073rztx_cmake/Middlewares/LoRaMac-node/mac/region/RegionUS915.c">
			<Option target="stm32l073rztx_cmake.elf"/>
		</Unit>
		<Unit filename="/Users/khoahuynh/Documents/Document/Lilygo_T-motion/stm32l073rztx_cmake/Middlewares/LoRaMac-node/mac/region/RegionUS915.h">
			<Option target="stm32l073rztx_cmake.elf"/>
		</Unit>
		<Unit filename="/Users/khoahuynh/Documents/Document/Lilygo_T-motion/stm32l073rztx_cmake/Middlewares/LoRaMac-node/mac/secure-element.h">
			<Option target="stm32l073rztx_cmake.elf"/>
		</Unit>
		<Unit filename="/Users/khoahuynh/Documents/Document/Lilygo_T-motion/stm32l073rztx_cmake/Middlewares/LoRaMac-node/peripherals/soft-se/aes.c">
			<Option target="stm32l073rztx_cmake.elf"/>
		</Unit>
		<Unit filename="/Users/khoahuynh/Documents/Document/Lilygo_T-motion/stm32l073rztx_cmake/Middlewares/LoRaMac-node/peripherals/soft-se/aes.h">
			<Option target="stm32l073rztx_cmake.elf"/>
		</Unit>
		<Unit filename="/Users/khoahuynh/Documents/Document/Lilygo_T-motion/stm32l073rztx_cmake/Middlewares/LoRaMac-node/peripherals/soft-se/cmac.c">
			<Option target="stm32l073rztx_cmake.elf"/>
		</Unit>
		<Unit filename="/Users/khoahuynh/Documents/Document/Lilygo_T-motion/stm32l073rztx_cmake/Middlewares/LoRaMac-node/peripherals/soft-se/cmac.h">
			<Option target="stm32l073rztx_cmake.elf"/>
		</Unit>
		<Unit filename="/Users/khoahuynh/Documents/Document/Lilygo_T-motion/stm32l073rztx_cmake/Middlewares/LoRaMac-node/peripherals/soft-se/se-identity.h">
			<Option target="stm32l073rztx_cmake.elf"/>
		</Unit>
		<Unit filename="/Users/khoahuynh/Documents/Document/Lilygo_T-motion/stm32l073rztx_cmake/Middlewares/LoRaMac-node/peripherals/soft-se/soft-se-hal.c">
			<Option target="stm32l073rztx_cmake.elf"/>
		</Unit>
		<Unit filename="/Users/khoahuynh/Documents/Document/Lilygo_T-motion/stm32l073rztx_cmake/Middlewares/LoRaMac-node/peripherals/soft-se/soft-se-hal.h">
			<Option target="stm32l073rztx_cmake.elf"/>
		</Unit>
		<Unit filename="/Users/khoahuynh/Documents/Document/Lilygo_T-motion/stm32l073rztx_cmake/Middlewares/LoRaMac-node/peripherals/soft-se/soft-se.c">
			<Option target="stm32l073rztx_cmake.elf"/>
		</Unit>
		<Unit filename="/Users/khoahuynh/Documents/Document/Lilygo_T-motion/stm32l073rztx_cmake/Middlewares/LoRaMac-node/radio/.DS_Store">
			<Option target="stm32l073rztx_cmake.elf"/>
		</Unit>
		<Unit filename="/Users/khoahuynh/Documents/Document/Lilygo_T-motion/stm32l073rztx_cmake/Middlewares/LoRaMac-node/radio/radio.h">
			<Option target="stm32l073rztx_cmake.elf"/>
		</Unit>
		<Unit filename="/Users/khoahuynh/Documents/Document/Lilygo_T-motion/stm32l073rztx_cmake/Middlewares/LoRaMac-node/radio/sx1276/sx1276.c">
			<Option target="stm32l073rztx_cmake.elf"/>
		</Unit>
		<Unit filename="/Users/khoahuynh/Documents/Document/Lilygo_T-motion/stm32l073rztx_cmake/Middlewares/LoRaMac-node/radio/sx1276/sx1276.h">
			<Option target="stm32l073rztx_cmake.elf"/>
		</Unit>
		<Unit filename="/Users/khoahuynh/Documents/Document/Lilygo_T-motion/stm32l073rztx_cmake/Middlewares/LoRaMac-node/radio/sx1276/sx1276Regs-Fsk.h">
			<Option target="stm32l073rztx_cmake.elf"/>
		</Unit>
		<Unit filename="/Users/khoahuynh/Documents/Document/Lilygo_T-motion/stm32l073rztx_cmake/Middlewares/LoRaMac-node/radio/sx1276/sx1276Regs-LoRa.h">
			<Option target="stm32l073rztx_cmake.elf"/>
		</Unit>
		<Unit filename="/Users/khoahuynh/Documents/Document/Lilygo_T-motion/stm32l073rztx_cmake/Middlewares/LoRaMac-node/system/adc.c">
			<Option target="stm32l073rztx_cmake.elf"/>
		</Unit>
		<Unit filename="/Users/khoahuynh/Documents/Document/Lilygo_T-motion/stm32l073rztx_cmake/Middlewares/LoRaMac-node/system/adc.h">
			<Option target="stm32l073rztx_cmake.elf"/>
		</Unit>
		<Unit filename="/Users/khoahuynh/Documents/Document/Lilygo_T-motion/stm32l073rztx_cmake/Middlewares/LoRaMac-node/system/delay.c">
			<Option target="stm32l073rztx_cmake.elf"/>
		</Unit>
		<Unit filename="/Users/khoahuynh/Documents/Document/Lilygo_T-motion/stm32l073rztx_cmake/Middlewares/LoRaMac-node/system/delay.h">
			<Option target="stm32l073rztx_cmake.elf"/>
		</Unit>
		<Unit filename="/Users/khoahuynh/Documents/Document/Lilygo_T-motion/stm32l073rztx_cmake/Middlewares/LoRaMac-node/system/eeprom.c">
			<Option target="stm32l073rztx_cmake.elf"/>
		</Unit>
		<Unit filename="/Users/khoahuynh/Documents/Document/Lilygo_T-motion/stm32l073rztx_cmake/Middlewares/LoRaMac-node/system/eeprom.h">
			<Option target="stm32l073rztx_cmake.elf"/>
		</Unit>
		<Unit filename="/Users/khoahuynh/Documents/Document/Lilygo_T-motion/stm32l073rztx_cmake/Middlewares/LoRaMac-node/system/fifo.c">
			<Option target="stm32l073rztx_cmake.elf"/>
		</Unit>
		<Unit filename="/Users/khoahuynh/Documents/Document/Lilygo_T-motion/stm32l073rztx_cmake/Middlewares/LoRaMac-node/system/fifo.h">
			<Option target="stm32l073rztx_cmake.elf"/>
		</Unit>
		<Unit filename="/Users/khoahuynh/Documents/Document/Lilygo_T-motion/stm32l073rztx_cmake/Middlewares/LoRaMac-node/system/gpio.c">
			<Option target="stm32l073rztx_cmake.elf"/>
		</Unit>
		<Unit filename="/Users/khoahuynh/Documents/Document/Lilygo_T-motion/stm32l073rztx_cmake/Middlewares/LoRaMac-node/system/gpio.h">
			<Option target="stm32l073rztx_cmake.elf"/>
		</Unit>
		<Unit filename="/Users/khoahuynh/Documents/Document/Lilygo_T-motion/stm32l073rztx_cmake/Middlewares/LoRaMac-node/system/gps.c">
			<Option target="stm32l073rztx_cmake.elf"/>
		</Unit>
		<Unit filename="/Users/khoahuynh/Documents/Document/Lilygo_T-motion/stm32l073rztx_cmake/Middlewares/LoRaMac-node/system/gps.h">
			<Option target="stm32l073rztx_cmake.elf"/>
		</Unit>
		<Unit filename="/Users/khoahuynh/Documents/Document/Lilygo_T-motion/stm32l073rztx_cmake/Middlewares/LoRaMac-node/system/i2c.c">
			<Option target="stm32l073rztx_cmake.elf"/>
		</Unit>
		<Unit filename="/Users/khoahuynh/Documents/Document/Lilygo_T-motion/stm32l073rztx_cmake/Middlewares/LoRaMac-node/system/i2c.h">
			<Option target="stm32l073rztx_cmake.elf"/>
		</Unit>
		<Unit filename="/Users/khoahuynh/Documents/Document/Lilygo_T-motion/stm32l073rztx_cmake/Middlewares/LoRaMac-node/system/nvmm.c">
			<Option target="stm32l073rztx_cmake.elf"/>
		</Unit>
		<Unit filename="/Users/khoahuynh/Documents/Document/Lilygo_T-motion/stm32l073rztx_cmake/Middlewares/LoRaMac-node/system/nvmm.h">
			<Option target="stm32l073rztx_cmake.elf"/>
		</Unit>
		<Unit filename="/Users/khoahuynh/Documents/Document/Lilygo_T-motion/stm32l073rztx_cmake/Middlewares/LoRaMac-node/system/serial.h">
			<Option target="stm32l073rztx_cmake.elf"/>
		</Unit>
		<Unit filename="/Users/khoahuynh/Documents/Document/Lilygo_T-motion/stm32l073rztx_cmake/Middlewares/LoRaMac-node/system/spi.h">
			<Option target="stm32l073rztx_cmake.elf"/>
		</Unit>
		<Unit filename="/Users/khoahuynh/Documents/Document/Lilygo_T-motion/stm32l073rztx_cmake/Middlewares/LoRaMac-node/system/systime.c">
			<Option target="stm32l073rztx_cmake.elf"/>
		</Unit>
		<Unit filename="/Users/khoahuynh/Documents/Document/Lilygo_T-motion/stm32l073rztx_cmake/Middlewares/LoRaMac-node/system/systime.h">
			<Option target="stm32l073rztx_cmake.elf"/>
		</Unit>
		<Unit filename="/Users/khoahuynh/Documents/Document/Lilygo_T-motion/stm32l073rztx_cmake/Middlewares/LoRaMac-node/system/timer.c">
			<Option target="stm32l073rztx_cmake.elf"/>
		</Unit>
		<Unit filename="/Users/khoahuynh/Documents/Document/Lilygo_T-motion/stm32l073rztx_cmake/Middlewares/LoRaMac-node/system/timer.h">
			<Option target="stm32l073rztx_cmake.elf"/>
		</Unit>
		<Unit filename="/Users/khoahuynh/Documents/Document/Lilygo_T-motion/stm32l073rztx_cmake/Middlewares/LoRaMac-node/system/uart.c">
			<Option target="stm32l073rztx_cmake.elf"/>
		</Unit>
		<Unit filename="/Users/khoahuynh/Documents/Document/Lilygo_T-motion/stm32l073rztx_cmake/Middlewares/LoRaMac-node/system/uart.h">
			<Option target="stm32l073rztx_cmake.elf"/>
		</Unit>
		<Unit filename="/Users/khoahuynh/Documents/Document/Lilygo_T-motion/stm32l073rztx_cmake/STM32L073RZTx_FLASH.ld">
			<Option target="stm32l073rztx_cmake.elf"/>
		</Unit>
		<Unit filename="/Users/khoahuynh/Documents/Document/Lilygo_T-motion/stm32l073rztx_cmake/Src/main.c">
			<Option target="stm32l073rztx_cmake.elf"/>
		</Unit>
		<Unit filename="/Users/khoahuynh/Documents/Document/Lilygo_T-motion/stm32l073rztx_cmake/Src/stm32l0xx_hal_msp.c">
			<Option target="stm32l073rztx_cmake.elf"/>
		</Unit>
		<Unit filename="/Users/khoahuynh/Documents/Document/Lilygo_T-motion/stm32l073rztx_cmake/Src/stm32l0xx_it.c">
			<Option target="stm32l073rztx_cmake.elf"/>
		</Unit>
		<Unit filename="/Users/khoahuynh/Documents/Document/Lilygo_T-motion/stm32l073rztx_cmake/Src/syscalls.c">
			<Option target="stm32l073rztx_cmake.elf"/>
		</Unit>
		<Unit filename="/Users/khoahuynh/Documents/Document/Lilygo_T-motion/stm32l073rztx_cmake/Src/system_stm32l0xx.c">
			<Option target="stm32l073rztx_cmake.elf"/>
		</Unit>
		<Unit filename="/Users/khoahuynh/Documents/Document/Lilygo_T-motion/stm32l073rztx_cmake/startup/startup_stm32l073xx.s">
			<Option target="stm32l073rztx_cmake.elf"/>
		</Unit>
		<Unit filename="/Users/khoahuynh/Documents/Document/Lilygo_T-motion/stm32l073rztx_cmake/CMakeLists.txt">
			<Option virtualFolder="CMake Files\"/>
		</Unit>
	</Project>
</CodeBlocks_project_file>
